// !$*UTF8*$!
{
	archiveVersion = 1;
	classes = {
	};
	objectVersion = 46;
	objects = {

/* Begin PBXBuildFile section */
		370F6D9E1E44E16100BA4E16 /* Assets.xcassets in Resources */ = {isa = PBXBuildFile; fileRef = 370F6D9D1E44E16100BA4E16 /* Assets.xcassets */; };
		370F6DA01E44E35A00BA4E16 /* Main.storyboard in Resources */ = {isa = PBXBuildFile; fileRef = 370F6D9F1E44E35A00BA4E16 /* Main.storyboard */; };
		371C9A761E4A42A9008322B0 /* Oswald-Bold.ttf in Resources */ = {isa = PBXBuildFile; fileRef = 371C9A731E4A42A9008322B0 /* Oswald-Bold.ttf */; };
		371C9A771E4A42A9008322B0 /* Oswald-Light.ttf in Resources */ = {isa = PBXBuildFile; fileRef = 371C9A741E4A42A9008322B0 /* Oswald-Light.ttf */; };
		371C9A781E4A42A9008322B0 /* Oswald-Regular.ttf in Resources */ = {isa = PBXBuildFile; fileRef = 371C9A751E4A42A9008322B0 /* Oswald-Regular.ttf */; };
		37B067401E40DF2F0056BE6B /* SystemsOfTheBody.swift in Sources */ = {isa = PBXBuildFile; fileRef = 37B0673F1E40DF2F0056BE6B /* SystemsOfTheBody.swift */; };
		37B067421E40DF490056BE6B /* SystemsOfTheBodyTest.swift in Sources */ = {isa = PBXBuildFile; fileRef = 37B067411E40DF490056BE6B /* SystemsOfTheBodyTest.swift */; };
		37CAE6CF1E4230AE00DA4E33 /* TypeOfInfectionViewController.swift in Sources */ = {isa = PBXBuildFile; fileRef = 37CAE6CE1E4230AE00DA4E33 /* TypeOfInfectionViewController.swift */; };
		37CAE6D11E42312700DA4E33 /* TypeOfInfectionTableViewCell.swift in Sources */ = {isa = PBXBuildFile; fileRef = 37CAE6D01E42312700DA4E33 /* TypeOfInfectionTableViewCell.swift */; };
		37CAE6D31E42327800DA4E33 /* TypeOfInfection.swift in Sources */ = {isa = PBXBuildFile; fileRef = 37CAE6D21E42327800DA4E33 /* TypeOfInfection.swift */; };
		51AC17F61E49DEB200E1EEC8 /* AntibioticDescriptionViewController.swift in Sources */ = {isa = PBXBuildFile; fileRef = 51AC17F51E49DEB200E1EEC8 /* AntibioticDescriptionViewController.swift */; };
		51AC17F81E49E38E00E1EEC8 /* FinalPrescriptionViewController.swift in Sources */ = {isa = PBXBuildFile; fileRef = 51AC17F71E49E38E00E1EEC8 /* FinalPrescriptionViewController.swift */; };
		51CE379A1E40EBE900EA9902 /* SystemOfTheBodyTableViewCell.swift in Sources */ = {isa = PBXBuildFile; fileRef = 51CE37991E40EBE900EA9902 /* SystemOfTheBodyTableViewCell.swift */; };
		51CE37A01E42075900EA9902 /* Severity.swift in Sources */ = {isa = PBXBuildFile; fileRef = 51CE379F1E42075900EA9902 /* Severity.swift */; };
		51CE37A21E42080400EA9902 /* SeverityTableViewCell.swift in Sources */ = {isa = PBXBuildFile; fileRef = 51CE37A11E42080400EA9902 /* SeverityTableViewCell.swift */; };
		51DCA6EE1E424AA500463EF9 /* PregnantTableViewCell.swift in Sources */ = {isa = PBXBuildFile; fileRef = 51DCA6ED1E424AA500463EF9 /* PregnantTableViewCell.swift */; };
		51DCA6F01E424AB900463EF9 /* PregnantViewController.swift in Sources */ = {isa = PBXBuildFile; fileRef = 51DCA6EF1E424AB900463EF9 /* PregnantViewController.swift */; };
		51DCA6F21E424BF700463EF9 /* Pregnant.swift in Sources */ = {isa = PBXBuildFile; fileRef = 51DCA6F11E424BF700463EF9 /* Pregnant.swift */; };
		51DCA6F61E43521100463EF9 /* AllergyViewController.swift in Sources */ = {isa = PBXBuildFile; fileRef = 51DCA6F51E43521100463EF9 /* AllergyViewController.swift */; };
		51DCA6F81E43523400463EF9 /* AllergyTableViewCell.swift in Sources */ = {isa = PBXBuildFile; fileRef = 51DCA6F71E43523400463EF9 /* AllergyTableViewCell.swift */; };
		51DCA6FA1E43546D00463EF9 /* Allergy.swift in Sources */ = {isa = PBXBuildFile; fileRef = 51DCA6F91E43546D00463EF9 /* Allergy.swift */; };
		51DCA6FC1E4358F800463EF9 /* ConfirmationViewController.swift in Sources */ = {isa = PBXBuildFile; fileRef = 51DCA6FB1E4358F800463EF9 /* ConfirmationViewController.swift */; };
		51DCA6FE1E43948F00463EF9 /* PrescriptionViewController.swift in Sources */ = {isa = PBXBuildFile; fileRef = 51DCA6FD1E43948F00463EF9 /* PrescriptionViewController.swift */; };
		51DCA7001E4394A200463EF9 /* PrescriptionTableViewCell.swift in Sources */ = {isa = PBXBuildFile; fileRef = 51DCA6FF1E4394A200463EF9 /* PrescriptionTableViewCell.swift */; };
		51DCA7021E43955400463EF9 /* Prescription.swift in Sources */ = {isa = PBXBuildFile; fileRef = 51DCA7011E43955400463EF9 /* Prescription.swift */; };
		5F9668641E40CBB100CD66CA /* AppDelegate.swift in Sources */ = {isa = PBXBuildFile; fileRef = 5F9668631E40CBB100CD66CA /* AppDelegate.swift */; };
		5F9668711E40CBB100CD66CA /* LaunchScreen.storyboard in Resources */ = {isa = PBXBuildFile; fileRef = 5F96686F1E40CBB100CD66CA /* LaunchScreen.storyboard */; };
		5F96687C1E40CBB100CD66CA /* LazyDoctorTests.swift in Sources */ = {isa = PBXBuildFile; fileRef = 5F96687B1E40CBB100CD66CA /* LazyDoctorTests.swift */; };
		5F9668871E40CBB100CD66CA /* LazyDoctorUITests.swift in Sources */ = {isa = PBXBuildFile; fileRef = 5F9668861E40CBB100CD66CA /* LazyDoctorUITests.swift */; };
		5F9668951E40DA9800CD66CA /* MedicalStepViewController.swift in Sources */ = {isa = PBXBuildFile; fileRef = 5F9668941E40DA9800CD66CA /* MedicalStepViewController.swift */; };
		5F9668971E40DAC300CD66CA /* SystemsOfTheBodyTests.swift in Sources */ = {isa = PBXBuildFile; fileRef = 5F9668961E40DAC300CD66CA /* SystemsOfTheBodyTests.swift */; };
		5FC50C991E42004600358724 /* ClinicalCondition.swift in Sources */ = {isa = PBXBuildFile; fileRef = 5FC50C981E42004600358724 /* ClinicalCondition.swift */; };
		5FC50C9D1E42417A00358724 /* ChildOrAdultTableViewCell.swift in Sources */ = {isa = PBXBuildFile; fileRef = 5FC50C9C1E42417A00358724 /* ChildOrAdultTableViewCell.swift */; };
		5FC50C9F1E4241A000358724 /* ChildOrAdult.swift in Sources */ = {isa = PBXBuildFile; fileRef = 5FC50C9E1E4241A000358724 /* ChildOrAdult.swift */; };
		5FC50CA11E48871800358724 /* Antibiotic.swift in Sources */ = {isa = PBXBuildFile; fileRef = 5FC50CA01E48871800358724 /* Antibiotic.swift */; };
/* End PBXBuildFile section */

/* Begin PBXContainerItemProxy section */
		5F9668781E40CBB100CD66CA /* PBXContainerItemProxy */ = {
			isa = PBXContainerItemProxy;
			containerPortal = 5F9668581E40CBB100CD66CA /* Project object */;
			proxyType = 1;
			remoteGlobalIDString = 5F96685F1E40CBB100CD66CA;
			remoteInfo = LazyDoctor;
		};
		5F9668831E40CBB100CD66CA /* PBXContainerItemProxy */ = {
			isa = PBXContainerItemProxy;
			containerPortal = 5F9668581E40CBB100CD66CA /* Project object */;
			proxyType = 1;
			remoteGlobalIDString = 5F96685F1E40CBB100CD66CA;
			remoteInfo = LazyDoctor;
		};
/* End PBXContainerItemProxy section */

/* Begin PBXFileReference section */
		370F6D9D1E44E16100BA4E16 /* Assets.xcassets */ = {isa = PBXFileReference; lastKnownFileType = folder.assetcatalog; path = Assets.xcassets; sourceTree = "<group>"; };
		370F6D9F1E44E35A00BA4E16 /* Main.storyboard */ = {isa = PBXFileReference; fileEncoding = 4; lastKnownFileType = file.storyboard; path = Main.storyboard; sourceTree = "<group>"; };
		371C9A731E4A42A9008322B0 /* Oswald-Bold.ttf */ = {isa = PBXFileReference; lastKnownFileType = file; path = "Oswald-Bold.ttf"; sourceTree = "<group>"; };
		371C9A741E4A42A9008322B0 /* Oswald-Light.ttf */ = {isa = PBXFileReference; lastKnownFileType = file; path = "Oswald-Light.ttf"; sourceTree = "<group>"; };
		371C9A751E4A42A9008322B0 /* Oswald-Regular.ttf */ = {isa = PBXFileReference; lastKnownFileType = file; path = "Oswald-Regular.ttf"; sourceTree = "<group>"; };
		37B0673F1E40DF2F0056BE6B /* SystemsOfTheBody.swift */ = {isa = PBXFileReference; fileEncoding = 4; lastKnownFileType = sourcecode.swift; path = SystemsOfTheBody.swift; sourceTree = "<group>"; };
		37B067411E40DF490056BE6B /* SystemsOfTheBodyTest.swift */ = {isa = PBXFileReference; fileEncoding = 4; lastKnownFileType = sourcecode.swift; path = SystemsOfTheBodyTest.swift; sourceTree = "<group>"; };
		37CAE6CE1E4230AE00DA4E33 /* TypeOfInfectionViewController.swift */ = {isa = PBXFileReference; fileEncoding = 4; lastKnownFileType = sourcecode.swift; path = TypeOfInfectionViewController.swift; sourceTree = "<group>"; };
		37CAE6D01E42312700DA4E33 /* TypeOfInfectionTableViewCell.swift */ = {isa = PBXFileReference; fileEncoding = 4; lastKnownFileType = sourcecode.swift; path = TypeOfInfectionTableViewCell.swift; sourceTree = "<group>"; };
		37CAE6D21E42327800DA4E33 /* TypeOfInfection.swift */ = {isa = PBXFileReference; fileEncoding = 4; lastKnownFileType = sourcecode.swift; path = TypeOfInfection.swift; sourceTree = "<group>"; };
		51AC17F51E49DEB200E1EEC8 /* AntibioticDescriptionViewController.swift */ = {isa = PBXFileReference; fileEncoding = 4; lastKnownFileType = sourcecode.swift; path = AntibioticDescriptionViewController.swift; sourceTree = "<group>"; };
		51AC17F71E49E38E00E1EEC8 /* FinalPrescriptionViewController.swift */ = {isa = PBXFileReference; fileEncoding = 4; lastKnownFileType = sourcecode.swift; path = FinalPrescriptionViewController.swift; sourceTree = "<group>"; };
		51CE37991E40EBE900EA9902 /* SystemOfTheBodyTableViewCell.swift */ = {isa = PBXFileReference; fileEncoding = 4; lastKnownFileType = sourcecode.swift; path = SystemOfTheBodyTableViewCell.swift; sourceTree = "<group>"; };
		51CE379F1E42075900EA9902 /* Severity.swift */ = {isa = PBXFileReference; fileEncoding = 4; lastKnownFileType = sourcecode.swift; path = Severity.swift; sourceTree = "<group>"; };
		51CE37A11E42080400EA9902 /* SeverityTableViewCell.swift */ = {isa = PBXFileReference; fileEncoding = 4; lastKnownFileType = sourcecode.swift; path = SeverityTableViewCell.swift; sourceTree = "<group>"; };
		51DCA6ED1E424AA500463EF9 /* PregnantTableViewCell.swift */ = {isa = PBXFileReference; fileEncoding = 4; lastKnownFileType = sourcecode.swift; path = PregnantTableViewCell.swift; sourceTree = "<group>"; };
		51DCA6EF1E424AB900463EF9 /* PregnantViewController.swift */ = {isa = PBXFileReference; fileEncoding = 4; lastKnownFileType = sourcecode.swift; path = PregnantViewController.swift; sourceTree = "<group>"; };
		51DCA6F11E424BF700463EF9 /* Pregnant.swift */ = {isa = PBXFileReference; fileEncoding = 4; lastKnownFileType = sourcecode.swift; path = Pregnant.swift; sourceTree = "<group>"; };
		51DCA6F51E43521100463EF9 /* AllergyViewController.swift */ = {isa = PBXFileReference; fileEncoding = 4; lastKnownFileType = sourcecode.swift; path = AllergyViewController.swift; sourceTree = "<group>"; };
		51DCA6F71E43523400463EF9 /* AllergyTableViewCell.swift */ = {isa = PBXFileReference; fileEncoding = 4; lastKnownFileType = sourcecode.swift; path = AllergyTableViewCell.swift; sourceTree = "<group>"; };
		51DCA6F91E43546D00463EF9 /* Allergy.swift */ = {isa = PBXFileReference; fileEncoding = 4; lastKnownFileType = sourcecode.swift; path = Allergy.swift; sourceTree = "<group>"; };
		51DCA6FB1E4358F800463EF9 /* ConfirmationViewController.swift */ = {isa = PBXFileReference; fileEncoding = 4; lastKnownFileType = sourcecode.swift; path = ConfirmationViewController.swift; sourceTree = "<group>"; };
		51DCA6FD1E43948F00463EF9 /* PrescriptionViewController.swift */ = {isa = PBXFileReference; fileEncoding = 4; lastKnownFileType = sourcecode.swift; path = PrescriptionViewController.swift; sourceTree = "<group>"; };
		51DCA6FF1E4394A200463EF9 /* PrescriptionTableViewCell.swift */ = {isa = PBXFileReference; fileEncoding = 4; lastKnownFileType = sourcecode.swift; path = PrescriptionTableViewCell.swift; sourceTree = "<group>"; };
		51DCA7011E43955400463EF9 /* Prescription.swift */ = {isa = PBXFileReference; fileEncoding = 4; lastKnownFileType = sourcecode.swift; path = Prescription.swift; sourceTree = "<group>"; };
		5F9668601E40CBB100CD66CA /* Prescriptable.app */ = {isa = PBXFileReference; explicitFileType = wrapper.application; includeInIndex = 0; path = Prescriptable.app; sourceTree = BUILT_PRODUCTS_DIR; };
		5F9668631E40CBB100CD66CA /* AppDelegate.swift */ = {isa = PBXFileReference; lastKnownFileType = sourcecode.swift; path = AppDelegate.swift; sourceTree = "<group>"; };
		5F9668701E40CBB100CD66CA /* Base */ = {isa = PBXFileReference; lastKnownFileType = file.storyboard; name = Base; path = Base.lproj/LaunchScreen.storyboard; sourceTree = "<group>"; };
		5F9668721E40CBB100CD66CA /* Info.plist */ = {isa = PBXFileReference; lastKnownFileType = text.plist.xml; path = Info.plist; sourceTree = "<group>"; };
		5F9668771E40CBB100CD66CA /* PrescriptableTests.xctest */ = {isa = PBXFileReference; explicitFileType = wrapper.cfbundle; includeInIndex = 0; path = PrescriptableTests.xctest; sourceTree = BUILT_PRODUCTS_DIR; };
		5F96687B1E40CBB100CD66CA /* LazyDoctorTests.swift */ = {isa = PBXFileReference; lastKnownFileType = sourcecode.swift; path = LazyDoctorTests.swift; sourceTree = "<group>"; };
		5F96687D1E40CBB100CD66CA /* Info.plist */ = {isa = PBXFileReference; lastKnownFileType = text.plist.xml; path = Info.plist; sourceTree = "<group>"; };
		5F9668821E40CBB100CD66CA /* PrescriptableUITests.xctest */ = {isa = PBXFileReference; explicitFileType = wrapper.cfbundle; includeInIndex = 0; path = PrescriptableUITests.xctest; sourceTree = BUILT_PRODUCTS_DIR; };
		5F9668861E40CBB100CD66CA /* LazyDoctorUITests.swift */ = {isa = PBXFileReference; lastKnownFileType = sourcecode.swift; path = LazyDoctorUITests.swift; sourceTree = "<group>"; };
		5F9668881E40CBB100CD66CA /* Info.plist */ = {isa = PBXFileReference; lastKnownFileType = text.plist.xml; path = Info.plist; sourceTree = "<group>"; };
		5F9668941E40DA9800CD66CA /* MedicalStepViewController.swift */ = {isa = PBXFileReference; fileEncoding = 4; lastKnownFileType = sourcecode.swift; path = MedicalStepViewController.swift; sourceTree = "<group>"; };
		5F9668961E40DAC300CD66CA /* SystemsOfTheBodyTests.swift */ = {isa = PBXFileReference; fileEncoding = 4; lastKnownFileType = sourcecode.swift; path = SystemsOfTheBodyTests.swift; sourceTree = "<group>"; };
		5FC50C981E42004600358724 /* ClinicalCondition.swift */ = {isa = PBXFileReference; fileEncoding = 4; lastKnownFileType = sourcecode.swift; path = ClinicalCondition.swift; sourceTree = "<group>"; };
		5FC50C9C1E42417A00358724 /* ChildOrAdultTableViewCell.swift */ = {isa = PBXFileReference; fileEncoding = 4; lastKnownFileType = sourcecode.swift; path = ChildOrAdultTableViewCell.swift; sourceTree = "<group>"; };
		5FC50C9E1E4241A000358724 /* ChildOrAdult.swift */ = {isa = PBXFileReference; fileEncoding = 4; lastKnownFileType = sourcecode.swift; path = ChildOrAdult.swift; sourceTree = "<group>"; };
		5FC50CA01E48871800358724 /* Antibiotic.swift */ = {isa = PBXFileReference; fileEncoding = 4; lastKnownFileType = sourcecode.swift; path = Antibiotic.swift; sourceTree = "<group>"; };
/* End PBXFileReference section */

/* Begin PBXFrameworksBuildPhase section */
		5F96685D1E40CBB100CD66CA /* Frameworks */ = {
			isa = PBXFrameworksBuildPhase;
			buildActionMask = 2147483647;
			files = (
			);
			runOnlyForDeploymentPostprocessing = 0;
		};
		5F9668741E40CBB100CD66CA /* Frameworks */ = {
			isa = PBXFrameworksBuildPhase;
			buildActionMask = 2147483647;
			files = (
			);
			runOnlyForDeploymentPostprocessing = 0;
		};
		5F96687F1E40CBB100CD66CA /* Frameworks */ = {
			isa = PBXFrameworksBuildPhase;
			buildActionMask = 2147483647;
			files = (
			);
			runOnlyForDeploymentPostprocessing = 0;
		};
/* End PBXFrameworksBuildPhase section */

/* Begin PBXGroup section */
		5129D6A61E4A37BB00A96E16 /* Fonts */ = {
			isa = PBXGroup;
			children = (
				371C9A731E4A42A9008322B0 /* Oswald-Bold.ttf */,
				371C9A741E4A42A9008322B0 /* Oswald-Light.ttf */,
				371C9A751E4A42A9008322B0 /* Oswald-Regular.ttf */,
			);
			name = Fonts;
			sourceTree = "<group>";
		};
		51CE37981E40EB6F00EA9902 /* Models */ = {
			isa = PBXGroup;
			children = (
				51DCA6F41E433BD900463EF9 /* TableViewCells */,
				37B0673F1E40DF2F0056BE6B /* SystemsOfTheBody.swift */,
				5FC50C981E42004600358724 /* ClinicalCondition.swift */,
				51CE379F1E42075900EA9902 /* Severity.swift */,
				37CAE6D21E42327800DA4E33 /* TypeOfInfection.swift */,
				5FC50C9E1E4241A000358724 /* ChildOrAdult.swift */,
				51DCA6F11E424BF700463EF9 /* Pregnant.swift */,
				51DCA6F91E43546D00463EF9 /* Allergy.swift */,
				51DCA7011E43955400463EF9 /* Prescription.swift */,
				5FC50CA01E48871800358724 /* Antibiotic.swift */,
			);
			name = Models;
			sourceTree = "<group>";
		};
		51DCA6F31E433BC400463EF9 /* ViewControllers */ = {
			isa = PBXGroup;
			children = (
				5F9668941E40DA9800CD66CA /* MedicalStepViewController.swift */,
				37CAE6CE1E4230AE00DA4E33 /* TypeOfInfectionViewController.swift */,
				51DCA6EF1E424AB900463EF9 /* PregnantViewController.swift */,
				51DCA6F51E43521100463EF9 /* AllergyViewController.swift */,
				51DCA6FB1E4358F800463EF9 /* ConfirmationViewController.swift */,
				51DCA6FD1E43948F00463EF9 /* PrescriptionViewController.swift */,
				51AC17F51E49DEB200E1EEC8 /* AntibioticDescriptionViewController.swift */,
				51AC17F71E49E38E00E1EEC8 /* FinalPrescriptionViewController.swift */,
			);
			name = ViewControllers;
			sourceTree = "<group>";
		};
		51DCA6F41E433BD900463EF9 /* TableViewCells */ = {
			isa = PBXGroup;
			children = (
				51CE37991E40EBE900EA9902 /* SystemOfTheBodyTableViewCell.swift */,
				51CE37A11E42080400EA9902 /* SeverityTableViewCell.swift */,
				37CAE6D01E42312700DA4E33 /* TypeOfInfectionTableViewCell.swift */,
				5FC50C9C1E42417A00358724 /* ChildOrAdultTableViewCell.swift */,
				51DCA6ED1E424AA500463EF9 /* PregnantTableViewCell.swift */,
				51DCA6F71E43523400463EF9 /* AllergyTableViewCell.swift */,
				51DCA6FF1E4394A200463EF9 /* PrescriptionTableViewCell.swift */,
			);
			name = TableViewCells;
			sourceTree = "<group>";
		};
		5F9668571E40CBB100CD66CA = {
			isa = PBXGroup;
			children = (
				5F9668621E40CBB100CD66CA /* LazyDoctor */,
				5F96687A1E40CBB100CD66CA /* LazyDoctorTests */,
				5F9668851E40CBB100CD66CA /* LazyDoctorUITests */,
				5F9668611E40CBB100CD66CA /* Products */,
				5129D6A61E4A37BB00A96E16 /* Fonts */,
			);
			sourceTree = "<group>";
		};
		5F9668611E40CBB100CD66CA /* Products */ = {
			isa = PBXGroup;
			children = (
				5F9668601E40CBB100CD66CA /* Prescriptable.app */,
				5F9668771E40CBB100CD66CA /* PrescriptableTests.xctest */,
				5F9668821E40CBB100CD66CA /* PrescriptableUITests.xctest */,
			);
			name = Products;
			sourceTree = "<group>";
		};
		5F9668621E40CBB100CD66CA /* LazyDoctor */ = {
			isa = PBXGroup;
			children = (
				5F9668631E40CBB100CD66CA /* AppDelegate.swift */,
				51DCA6F31E433BC400463EF9 /* ViewControllers */,
				5F96686F1E40CBB100CD66CA /* LaunchScreen.storyboard */,
				370F6D9F1E44E35A00BA4E16 /* Main.storyboard */,
				370F6D9D1E44E16100BA4E16 /* Assets.xcassets */,
				5F9668721E40CBB100CD66CA /* Info.plist */,
				51CE37981E40EB6F00EA9902 /* Models */,
			);
			path = LazyDoctor;
			sourceTree = "<group>";
		};
		5F96687A1E40CBB100CD66CA /* LazyDoctorTests */ = {
			isa = PBXGroup;
			children = (
				5F96687B1E40CBB100CD66CA /* LazyDoctorTests.swift */,
				5F96687D1E40CBB100CD66CA /* Info.plist */,
				5F9668961E40DAC300CD66CA /* SystemsOfTheBodyTests.swift */,
				37B067411E40DF490056BE6B /* SystemsOfTheBodyTest.swift */,
			);
			path = LazyDoctorTests;
			sourceTree = "<group>";
		};
		5F9668851E40CBB100CD66CA /* LazyDoctorUITests */ = {
			isa = PBXGroup;
			children = (
				5F9668861E40CBB100CD66CA /* LazyDoctorUITests.swift */,
				5F9668881E40CBB100CD66CA /* Info.plist */,
			);
			path = LazyDoctorUITests;
			sourceTree = "<group>";
		};
/* End PBXGroup section */

/* Begin PBXNativeTarget section */
		5F96685F1E40CBB100CD66CA /* Prescriptable */ = {
			isa = PBXNativeTarget;
			buildConfigurationList = 5F96688B1E40CBB100CD66CA /* Build configuration list for PBXNativeTarget "Prescriptable" */;
			buildPhases = (
				5F96685C1E40CBB100CD66CA /* Sources */,
				5F96685D1E40CBB100CD66CA /* Frameworks */,
				5F96685E1E40CBB100CD66CA /* Resources */,
			);
			buildRules = (
			);
			dependencies = (
			);
			name = Prescriptable;
			productName = LazyDoctor;
			productReference = 5F9668601E40CBB100CD66CA /* Prescriptable.app */;
			productType = "com.apple.product-type.application";
		};
		5F9668761E40CBB100CD66CA /* PrescriptableTests */ = {
			isa = PBXNativeTarget;
			buildConfigurationList = 5F96688E1E40CBB100CD66CA /* Build configuration list for PBXNativeTarget "PrescriptableTests" */;
			buildPhases = (
				5F9668731E40CBB100CD66CA /* Sources */,
				5F9668741E40CBB100CD66CA /* Frameworks */,
				5F9668751E40CBB100CD66CA /* Resources */,
			);
			buildRules = (
			);
			dependencies = (
				5F9668791E40CBB100CD66CA /* PBXTargetDependency */,
			);
			name = PrescriptableTests;
			productName = LazyDoctorTests;
			productReference = 5F9668771E40CBB100CD66CA /* PrescriptableTests.xctest */;
			productType = "com.apple.product-type.bundle.unit-test";
		};
		5F9668811E40CBB100CD66CA /* PrescriptableUITests */ = {
			isa = PBXNativeTarget;
			buildConfigurationList = 5F9668911E40CBB100CD66CA /* Build configuration list for PBXNativeTarget "PrescriptableUITests" */;
			buildPhases = (
				5F96687E1E40CBB100CD66CA /* Sources */,
				5F96687F1E40CBB100CD66CA /* Frameworks */,
				5F9668801E40CBB100CD66CA /* Resources */,
			);
			buildRules = (
			);
			dependencies = (
				5F9668841E40CBB100CD66CA /* PBXTargetDependency */,
			);
			name = PrescriptableUITests;
			productName = LazyDoctorUITests;
			productReference = 5F9668821E40CBB100CD66CA /* PrescriptableUITests.xctest */;
			productType = "com.apple.product-type.bundle.ui-testing";
		};
/* End PBXNativeTarget section */

/* Begin PBXProject section */
		5F9668581E40CBB100CD66CA /* Project object */ = {
			isa = PBXProject;
			attributes = {
				LastSwiftUpdateCheck = 0820;
				LastUpgradeCheck = 0820;
				ORGANIZATIONNAME = "Elizabeth Atkin, Dan Pelensky, Veronica Sonzini";
				TargetAttributes = {
					5F96685F1E40CBB100CD66CA = {
						CreatedOnToolsVersion = 8.2.1;
						DevelopmentTeam = 446A4QVW5H;
						ProvisioningStyle = Automatic;
					};
					5F9668761E40CBB100CD66CA = {
						CreatedOnToolsVersion = 8.2.1;
						ProvisioningStyle = Automatic;
						TestTargetID = 5F96685F1E40CBB100CD66CA;
					};
					5F9668811E40CBB100CD66CA = {
						CreatedOnToolsVersion = 8.2.1;
						ProvisioningStyle = Automatic;
						TestTargetID = 5F96685F1E40CBB100CD66CA;
					};
				};
			};
			buildConfigurationList = 5F96685B1E40CBB100CD66CA /* Build configuration list for PBXProject "Prescriptable" */;
			compatibilityVersion = "Xcode 3.2";
			developmentRegion = English;
			hasScannedForEncodings = 0;
			knownRegions = (
				en,
				Base,
			);
			mainGroup = 5F9668571E40CBB100CD66CA;
			productRefGroup = 5F9668611E40CBB100CD66CA /* Products */;
			projectDirPath = "";
			projectRoot = "";
			targets = (
				5F96685F1E40CBB100CD66CA /* Prescriptable */,
				5F9668761E40CBB100CD66CA /* PrescriptableTests */,
				5F9668811E40CBB100CD66CA /* PrescriptableUITests */,
			);
		};
/* End PBXProject section */

/* Begin PBXResourcesBuildPhase section */
		5F96685E1E40CBB100CD66CA /* Resources */ = {
			isa = PBXResourcesBuildPhase;
			buildActionMask = 2147483647;
			files = (
				370F6DA01E44E35A00BA4E16 /* Main.storyboard in Resources */,
				371C9A781E4A42A9008322B0 /* Oswald-Regular.ttf in Resources */,
				371C9A771E4A42A9008322B0 /* Oswald-Light.ttf in Resources */,
				5F9668711E40CBB100CD66CA /* LaunchScreen.storyboard in Resources */,
				370F6D9E1E44E16100BA4E16 /* Assets.xcassets in Resources */,
				371C9A761E4A42A9008322B0 /* Oswald-Bold.ttf in Resources */,
			);
			runOnlyForDeploymentPostprocessing = 0;
		};
		5F9668751E40CBB100CD66CA /* Resources */ = {
			isa = PBXResourcesBuildPhase;
			buildActionMask = 2147483647;
			files = (
			);
			runOnlyForDeploymentPostprocessing = 0;
		};
		5F9668801E40CBB100CD66CA /* Resources */ = {
			isa = PBXResourcesBuildPhase;
			buildActionMask = 2147483647;
			files = (
			);
			runOnlyForDeploymentPostprocessing = 0;
		};
/* End PBXResourcesBuildPhase section */

/* Begin PBXSourcesBuildPhase section */
		5F96685C1E40CBB100CD66CA /* Sources */ = {
			isa = PBXSourcesBuildPhase;
			buildActionMask = 2147483647;
			files = (
				51DCA6FC1E4358F800463EF9 /* ConfirmationViewController.swift in Sources */,
				37CAE6D11E42312700DA4E33 /* TypeOfInfectionTableViewCell.swift in Sources */,
				51DCA6F01E424AB900463EF9 /* PregnantViewController.swift in Sources */,
				51CE379A1E40EBE900EA9902 /* SystemOfTheBodyTableViewCell.swift in Sources */,
				5F9668951E40DA9800CD66CA /* MedicalStepViewController.swift in Sources */,
				51DCA6F21E424BF700463EF9 /* Pregnant.swift in Sources */,
				5FC50C9F1E4241A000358724 /* ChildOrAdult.swift in Sources */,
				51CE37A21E42080400EA9902 /* SeverityTableViewCell.swift in Sources */,
				37CAE6CF1E4230AE00DA4E33 /* TypeOfInfectionViewController.swift in Sources */,
				51DCA6EE1E424AA500463EF9 /* PregnantTableViewCell.swift in Sources */,
				37B067401E40DF2F0056BE6B /* SystemsOfTheBody.swift in Sources */,
				51DCA7001E4394A200463EF9 /* PrescriptionTableViewCell.swift in Sources */,
				51AC17F81E49E38E00E1EEC8 /* FinalPrescriptionViewController.swift in Sources */,
				51DCA6F81E43523400463EF9 /* AllergyTableViewCell.swift in Sources */,
				51CE37A01E42075900EA9902 /* Severity.swift in Sources */,
				5FC50CA11E48871800358724 /* Antibiotic.swift in Sources */,
				51DCA7021E43955400463EF9 /* Prescription.swift in Sources */,
				51AC17F61E49DEB200E1EEC8 /* AntibioticDescriptionViewController.swift in Sources */,
				51DCA6F61E43521100463EF9 /* AllergyViewController.swift in Sources */,
				51DCA6FE1E43948F00463EF9 /* PrescriptionViewController.swift in Sources */,
				5FC50C991E42004600358724 /* ClinicalCondition.swift in Sources */,
				51DCA6FA1E43546D00463EF9 /* Allergy.swift in Sources */,
				5F9668641E40CBB100CD66CA /* AppDelegate.swift in Sources */,
				5FC50C9D1E42417A00358724 /* ChildOrAdultTableViewCell.swift in Sources */,
				37CAE6D31E42327800DA4E33 /* TypeOfInfection.swift in Sources */,
			);
			runOnlyForDeploymentPostprocessing = 0;
		};
		5F9668731E40CBB100CD66CA /* Sources */ = {
			isa = PBXSourcesBuildPhase;
			buildActionMask = 2147483647;
			files = (
				5F96687C1E40CBB100CD66CA /* LazyDoctorTests.swift in Sources */,
				37B067421E40DF490056BE6B /* SystemsOfTheBodyTest.swift in Sources */,
				5F9668971E40DAC300CD66CA /* SystemsOfTheBodyTests.swift in Sources */,
			);
			runOnlyForDeploymentPostprocessing = 0;
		};
		5F96687E1E40CBB100CD66CA /* Sources */ = {
			isa = PBXSourcesBuildPhase;
			buildActionMask = 2147483647;
			files = (
				5F9668871E40CBB100CD66CA /* LazyDoctorUITests.swift in Sources */,
			);
			runOnlyForDeploymentPostprocessing = 0;
		};
/* End PBXSourcesBuildPhase section */

/* Begin PBXTargetDependency section */
		5F9668791E40CBB100CD66CA /* PBXTargetDependency */ = {
			isa = PBXTargetDependency;
			target = 5F96685F1E40CBB100CD66CA /* Prescriptable */;
			targetProxy = 5F9668781E40CBB100CD66CA /* PBXContainerItemProxy */;
		};
		5F9668841E40CBB100CD66CA /* PBXTargetDependency */ = {
			isa = PBXTargetDependency;
			target = 5F96685F1E40CBB100CD66CA /* Prescriptable */;
			targetProxy = 5F9668831E40CBB100CD66CA /* PBXContainerItemProxy */;
		};
/* End PBXTargetDependency section */

/* Begin PBXVariantGroup section */
		5F96686F1E40CBB100CD66CA /* LaunchScreen.storyboard */ = {
			isa = PBXVariantGroup;
			children = (
				5F9668701E40CBB100CD66CA /* Base */,
			);
			name = LaunchScreen.storyboard;
			sourceTree = "<group>";
		};
/* End PBXVariantGroup section */

/* Begin XCBuildConfiguration section */
		5F9668891E40CBB100CD66CA /* Debug */ = {
			isa = XCBuildConfiguration;
			buildSettings = {
				ALWAYS_SEARCH_USER_PATHS = NO;
				CLANG_ANALYZER_NONNULL = YES;
				CLANG_CXX_LANGUAGE_STANDARD = "gnu++0x";
				CLANG_CXX_LIBRARY = "libc++";
				CLANG_ENABLE_MODULES = YES;
				CLANG_ENABLE_OBJC_ARC = YES;
				CLANG_WARN_BOOL_CONVERSION = YES;
				CLANG_WARN_CONSTANT_CONVERSION = YES;
				CLANG_WARN_DIRECT_OBJC_ISA_USAGE = YES_ERROR;
				CLANG_WARN_DOCUMENTATION_COMMENTS = YES;
				CLANG_WARN_EMPTY_BODY = YES;
				CLANG_WARN_ENUM_CONVERSION = YES;
				CLANG_WARN_INFINITE_RECURSION = YES;
				CLANG_WARN_INT_CONVERSION = YES;
				CLANG_WARN_OBJC_ROOT_CLASS = YES_ERROR;
				CLANG_WARN_SUSPICIOUS_MOVE = YES;
				CLANG_WARN_UNREACHABLE_CODE = YES;
				CLANG_WARN__DUPLICATE_METHOD_MATCH = YES;
				"CODE_SIGN_IDENTITY[sdk=iphoneos*]" = "iPhone Developer";
				COPY_PHASE_STRIP = NO;
				DEBUG_INFORMATION_FORMAT = dwarf;
				ENABLE_STRICT_OBJC_MSGSEND = YES;
				ENABLE_TESTABILITY = YES;
				GCC_C_LANGUAGE_STANDARD = gnu99;
				GCC_DYNAMIC_NO_PIC = NO;
				GCC_NO_COMMON_BLOCKS = YES;
				GCC_OPTIMIZATION_LEVEL = 0;
				GCC_PREPROCESSOR_DEFINITIONS = (
					"DEBUG=1",
					"$(inherited)",
				);
				GCC_WARN_64_TO_32_BIT_CONVERSION = YES;
				GCC_WARN_ABOUT_RETURN_TYPE = YES_ERROR;
				GCC_WARN_UNDECLARED_SELECTOR = YES;
				GCC_WARN_UNINITIALIZED_AUTOS = YES_AGGRESSIVE;
				GCC_WARN_UNUSED_FUNCTION = YES;
				GCC_WARN_UNUSED_VARIABLE = YES;
				IPHONEOS_DEPLOYMENT_TARGET = 10.2;
				MTL_ENABLE_DEBUG_INFO = YES;
				ONLY_ACTIVE_ARCH = YES;
				SDKROOT = iphoneos;
				SWIFT_ACTIVE_COMPILATION_CONDITIONS = DEBUG;
				SWIFT_OPTIMIZATION_LEVEL = "-Onone";
				TARGETED_DEVICE_FAMILY = "1,2";
			};
			name = Debug;
		};
		5F96688A1E40CBB100CD66CA /* Release */ = {
			isa = XCBuildConfiguration;
			buildSettings = {
				ALWAYS_SEARCH_USER_PATHS = NO;
				CLANG_ANALYZER_NONNULL = YES;
				CLANG_CXX_LANGUAGE_STANDARD = "gnu++0x";
				CLANG_CXX_LIBRARY = "libc++";
				CLANG_ENABLE_MODULES = YES;
				CLANG_ENABLE_OBJC_ARC = YES;
				CLANG_WARN_BOOL_CONVERSION = YES;
				CLANG_WARN_CONSTANT_CONVERSION = YES;
				CLANG_WARN_DIRECT_OBJC_ISA_USAGE = YES_ERROR;
				CLANG_WARN_DOCUMENTATION_COMMENTS = YES;
				CLANG_WARN_EMPTY_BODY = YES;
				CLANG_WARN_ENUM_CONVERSION = YES;
				CLANG_WARN_INFINITE_RECURSION = YES;
				CLANG_WARN_INT_CONVERSION = YES;
				CLANG_WARN_OBJC_ROOT_CLASS = YES_ERROR;
				CLANG_WARN_SUSPICIOUS_MOVE = YES;
				CLANG_WARN_UNREACHABLE_CODE = YES;
				CLANG_WARN__DUPLICATE_METHOD_MATCH = YES;
				"CODE_SIGN_IDENTITY[sdk=iphoneos*]" = "iPhone Developer";
				COPY_PHASE_STRIP = NO;
				DEBUG_INFORMATION_FORMAT = "dwarf-with-dsym";
				ENABLE_NS_ASSERTIONS = NO;
				ENABLE_STRICT_OBJC_MSGSEND = YES;
				GCC_C_LANGUAGE_STANDARD = gnu99;
				GCC_NO_COMMON_BLOCKS = YES;
				GCC_WARN_64_TO_32_BIT_CONVERSION = YES;
				GCC_WARN_ABOUT_RETURN_TYPE = YES_ERROR;
				GCC_WARN_UNDECLARED_SELECTOR = YES;
				GCC_WARN_UNINITIALIZED_AUTOS = YES_AGGRESSIVE;
				GCC_WARN_UNUSED_FUNCTION = YES;
				GCC_WARN_UNUSED_VARIABLE = YES;
				IPHONEOS_DEPLOYMENT_TARGET = 10.2;
				MTL_ENABLE_DEBUG_INFO = NO;
				SDKROOT = iphoneos;
				SWIFT_OPTIMIZATION_LEVEL = "-Owholemodule";
				TARGETED_DEVICE_FAMILY = "1,2";
				VALIDATE_PRODUCT = YES;
			};
			name = Release;
		};
		5F96688C1E40CBB100CD66CA /* Debug */ = {
			isa = XCBuildConfiguration;
			buildSettings = {
				ASSETCATALOG_COMPILER_APPICON_NAME = AppIcon;
				DEVELOPMENT_TEAM = 446A4QVW5H;
				INFOPLIST_FILE = LazyDoctor/Info.plist;
				LD_RUNPATH_SEARCH_PATHS = "$(inherited) @executable_path/Frameworks";
				PRODUCT_BUNDLE_IDENTIFIER = MakersFinalProject.Prescriptable;
				PRODUCT_NAME = "$(TARGET_NAME)";
				SWIFT_VERSION = 3.0;
			};
			name = Debug;
		};
		5F96688D1E40CBB100CD66CA /* Release */ = {
			isa = XCBuildConfiguration;
			buildSettings = {
				ASSETCATALOG_COMPILER_APPICON_NAME = AppIcon;
				DEVELOPMENT_TEAM = 446A4QVW5H;
				INFOPLIST_FILE = LazyDoctor/Info.plist;
				LD_RUNPATH_SEARCH_PATHS = "$(inherited) @executable_path/Frameworks";
				PRODUCT_BUNDLE_IDENTIFIER = MakersFinalProject.Prescriptable;
				PRODUCT_NAME = "$(TARGET_NAME)";
				SWIFT_VERSION = 3.0;
			};
			name = Release;
		};
		5F96688F1E40CBB100CD66CA /* Debug */ = {
			isa = XCBuildConfiguration;
			buildSettings = {
				ALWAYS_EMBED_SWIFT_STANDARD_LIBRARIES = YES;
				BUNDLE_LOADER = "$(TEST_HOST)";
				INFOPLIST_FILE = LazyDoctorTests/Info.plist;
				LD_RUNPATH_SEARCH_PATHS = "$(inherited) @executable_path/Frameworks @loader_path/Frameworks";
				PRODUCT_BUNDLE_IDENTIFIER = MakersFinalProject.LazyDoctorTests;
				PRODUCT_NAME = "$(TARGET_NAME)";
				SWIFT_VERSION = 3.0;
				TEST_HOST = "$(BUILT_PRODUCTS_DIR)/Prescriptable.app/Prescriptable";
			};
			name = Debug;
		};
		5F9668901E40CBB100CD66CA /* Release */ = {
			isa = XCBuildConfiguration;
			buildSettings = {
				ALWAYS_EMBED_SWIFT_STANDARD_LIBRARIES = YES;
				BUNDLE_LOADER = "$(TEST_HOST)";
				INFOPLIST_FILE = LazyDoctorTests/Info.plist;
				LD_RUNPATH_SEARCH_PATHS = "$(inherited) @executable_path/Frameworks @loader_path/Frameworks";
				PRODUCT_BUNDLE_IDENTIFIER = MakersFinalProject.LazyDoctorTests;
				PRODUCT_NAME = "$(TARGET_NAME)";
				SWIFT_VERSION = 3.0;
				TEST_HOST = "$(BUILT_PRODUCTS_DIR)/Prescriptable.app/Prescriptable";
			};
			name = Release;
		};
		5F9668921E40CBB100CD66CA /* Debug */ = {
			isa = XCBuildConfiguration;
			buildSettings = {
				ALWAYS_EMBED_SWIFT_STANDARD_LIBRARIES = YES;
				INFOPLIST_FILE = LazyDoctorUITests/Info.plist;
				LD_RUNPATH_SEARCH_PATHS = "$(inherited) @executable_path/Frameworks @loader_path/Frameworks";
				PRODUCT_BUNDLE_IDENTIFIER = MakersFinalProject.LazyDoctorUITests;
				PRODUCT_NAME = "$(TARGET_NAME)";
				SWIFT_VERSION = 3.0;
				TEST_TARGET_NAME = LazyDoctor;
			};
			name = Debug;
		};
		5F9668931E40CBB100CD66CA /* Release */ = {
			isa = XCBuildConfiguration;
			buildSettings = {
				ALWAYS_EMBED_SWIFT_STANDARD_LIBRARIES = YES;
				INFOPLIST_FILE = LazyDoctorUITests/Info.plist;
				LD_RUNPATH_SEARCH_PATHS = "$(inherited) @executable_path/Frameworks @loader_path/Frameworks";
				PRODUCT_BUNDLE_IDENTIFIER = MakersFinalProject.LazyDoctorUITests;
				PRODUCT_NAME = "$(TARGET_NAME)";
				SWIFT_VERSION = 3.0;
				TEST_TARGET_NAME = LazyDoctor;
			};
			name = Release;
		};
/* End XCBuildConfiguration section */

/* Begin XCConfigurationList section */
		5F96685B1E40CBB100CD66CA /* Build configuration list for PBXProject "Prescriptable" */ = {
			isa = XCConfigurationList;
			buildConfigurations = (
				5F9668891E40CBB100CD66CA /* Debug */,
				5F96688A1E40CBB100CD66CA /* Release */,
			);
			defaultConfigurationIsVisible = 0;
			defaultConfigurationName = Release;
		};
		5F96688B1E40CBB100CD66CA /* Build configuration list for PBXNativeTarget "Prescriptable" */ = {
			isa = XCConfigurationList;
			buildConfigurations = (
				5F96688C1E40CBB100CD66CA /* Debug */,
				5F96688D1E40CBB100CD66CA /* Release */,
			);
			defaultConfigurationIsVisible = 0;
			defaultConfigurationName = Release;
		};
		5F96688E1E40CBB100CD66CA /* Build configuration list for PBXNativeTarget "PrescriptableTests" */ = {
			isa = XCConfigurationList;
			buildConfigurations = (
				5F96688F1E40CBB100CD66CA /* Debug */,
				5F9668901E40CBB100CD66CA /* Release */,
			);
			defaultConfigurationIsVisible = 0;
			defaultConfigurationName = Release;
		};
		5F9668911E40CBB100CD66CA /* Build configuration list for PBXNativeTarget "PrescriptableUITests" */ = {
			isa = XCConfigurationList;
			buildConfigurations = (
				5F9668921E40CBB100CD66CA /* Debug */,
				5F9668931E40CBB100CD66CA /* Release */,
			);
			defaultConfigurationIsVisible = 0;
			defaultConfigurationName = Release;
		};
/* End XCConfigurationList section */
	};
	rootObject = 5F9668581E40CBB100CD66CA /* Project object */;
}
